
Microsoft Visual Studio Solution File, Format Version 12.00
# Visual Studio 15
Project("{FAE04EC0-301F-11D3-BF4B-00C04F79EFBC}") = "UniRx", "UniRx.csproj", "{B03A74B6-A6E6-85F6-A4EB-AD8023063A3E}"
EndProject
Project("{FAE04EC0-301F-11D3-BF4B-00C04F79EFBC}") = "PlayerModeTest", "PlayerModeTest.csproj", "{FA7A2413-8EE4-9D66-27DF-4BD57774F791}"
EndProject
Project("{FAE04EC0-301F-11D3-BF4B-00C04F79EFBC}") = "GameScripts", "GameScripts.csproj", "{F0AC4DBE-04E5-D043-EF21-99268FEC9FD2}"
EndProject
Project("{FAE04EC0-301F-11D3-BF4B-00C04F79EFBC}") = "Editor", "Editor.csproj", "{6B674CF7-3CBC-59BF-C245-CE3DFEF5D9A0}"
EndProject
Project("{FAE04EC0-301F-11D3-BF4B-00C04F79EFBC}") = "UniRx.Examples", "UniRx.Examples.csproj", "{5EC9DC34-B4B5-8138-C6F6-2C8A3E975B09}"
EndProject
Project("{FAE04EC0-301F-11D3-BF4B-00C04F79EFBC}") = "EditModeTest", "EditModeTest.csproj", "{4165F118-1FDB-00CF-BD7C-E5744965ED8B}"
EndProject
Global
	GlobalSection(SolutionConfigurationPlatforms) = preSolution
		Debug|Any CPU = Debug|Any CPU
		Release|Any CPU = Release|Any CPU
	EndGlobalSection
	GlobalSection(ProjectConfigurationPlatforms) = postSolution
		{B03A74B6-A6E6-85F6-A4EB-AD8023063A3E}.Debug|Any CPU.ActiveCfg = Debug|Any CPU
		{B03A74B6-A6E6-85F6-A4EB-AD8023063A3E}.Debug|Any CPU.Build.0 = Debug|Any CPU
		{B03A74B6-A6E6-85F6-A4EB-AD8023063A3E}.Release|Any CPU.ActiveCfg = Release|Any CPU
		{B03A74B6-A6E6-85F6-A4EB-AD8023063A3E}.Release|Any CPU.Build.0 = Release|Any CPU
		{FA7A2413-8EE4-9D66-27DF-4BD57774F791}.Debug|Any CPU.ActiveCfg = Debug|Any CPU
		{FA7A2413-8EE4-9D66-27DF-4BD57774F791}.Debug|Any CPU.Build.0 = Debug|Any CPU
		{FA7A2413-8EE4-9D66-27DF-4BD57774F791}.Release|Any CPU.ActiveCfg = Release|Any CPU
		{FA7A2413-8EE4-9D66-27DF-4BD57774F791}.Release|Any CPU.Build.0 = Release|Any CPU
		{F0AC4DBE-04E5-D043-EF21-99268FEC9FD2}.Debug|Any CPU.ActiveCfg = Debug|Any CPU
		{F0AC4DBE-04E5-D043-EF21-99268FEC9FD2}.Debug|Any CPU.Build.0 = Debug|Any CPU
		{F0AC4DBE-04E5-D043-EF21-99268FEC9FD2}.Release|Any CPU.ActiveCfg = Release|Any CPU
		{F0AC4DBE-04E5-D043-EF21-99268FEC9FD2}.Release|Any CPU.Build.0 = Release|Any CPU
		{6B674CF7-3CBC-59BF-C245-CE3DFEF5D9A0}.Debug|Any CPU.ActiveCfg = Debug|Any CPU
		{6B674CF7-3CBC-59BF-C245-CE3DFEF5D9A0}.Debug|Any CPU.Build.0 = Debug|Any CPU
		{6B674CF7-3CBC-59BF-C245-CE3DFEF5D9A0}.Release|Any CPU.ActiveCfg = Release|Any CPU
		{6B674CF7-3CBC-59BF-C245-CE3DFEF5D9A0}.Release|Any CPU.Build.0 = Release|Any CPU
		{5EC9DC34-B4B5-8138-C6F6-2C8A3E975B09}.Debug|Any CPU.ActiveCfg = Debug|Any CPU
		{5EC9DC34-B4B5-8138-C6F6-2C8A3E975B09}.Debug|Any CPU.Build.0 = Debug|Any CPU
		{5EC9DC34-B4B5-8138-C6F6-2C8A3E975B09}.Release|Any CPU.ActiveCfg = Release|Any CPU
		{5EC9DC34-B4B5-8138-C6F6-2C8A3E975B09}.Release|Any CPU.Build.0 = Release|Any CPU
		{4165F118-1FDB-00CF-BD7C-E5744965ED8B}.Debug|Any CPU.ActiveCfg = Debug|Any CPU
		{4165F118-1FDB-00CF-BD7C-E5744965ED8B}.Debug|Any CPU.Build.0 = Debug|Any CPU
		{4165F118-1FDB-00CF-BD7C-E5744965ED8B}.Release|Any CPU.ActiveCfg = Release|Any CPU
		{4165F118-1FDB-00CF-BD7C-E5744965ED8B}.Release|Any CPU.Build.0 = Release|Any CPU
	EndGlobalSection
	GlobalSection(SolutionProperties) = preSolution
		HideSolutionNode = FALSE
	EndGlobalSection
EndGlobal
